github.com/sercankavdir/dog v0.0.0-20230609142023-800e6c750bd1 h1:HwIrIdLfonMa0KAqGW7fXzSxSXi2SSFJh0ACxU/lht4=
github.com/sercankavdir/dog v0.0.0-20230609142023-800e6c750bd1/go.mod h1:mps73qXf9IaKy/pIW2T1NYNsK3mWamGscMOugk9XwRs=
github.com/sercankavdir/dog v0.0.0-20230609142511-93ea00e57de2 h1:cYQKdDhj0m+SZmiJETLtyEQf0gdLn9I3GBsh+u5Qkug=
github.com/sercankavdir/dog v0.0.0-20230609142511-93ea00e57de2/go.mod h1:Rl0aG/Lf1HNgNxgZWtungJmPrmUqT9BTkc1yCjysLRI=
